<Solution>
  <Folder Name="/src/">
    <Project Path="src/NeoDoc.Core/NeoDoc.Core.csproj" />
    <Project Path="src/NeoDoc.Docx/NeoDoc.Docx.csproj" />
    <Project Path="src/NeoDoc.Html/NeoDoc.Html.csproj" />
    <Project Path="src/NeoDoc.Rules/NeoDoc.Rules.csproj" />
    <Project Path="src/NeoDoc/NeoDoc.csproj" />
  </Folder>
</Solution>
